
Microsoft Visual Studio Solution File, Format Version 12.00
# Visual Studio 2017
Project("{FAE04EC0-301F-11D3-BF4B-00C04F79EFBC}") = "testVR", "testVR.csproj", "{9FF1ABF9-70A8-1E70-55F3-7B0219755037}"
EndProject
Project("{FAE04EC0-301F-11D3-BF4B-00C04F79EFBC}") = "testVR.Editor", "testVR.Editor.csproj", "{A6F75179-78C5-8FFC-F66F-7DDCCB053C90}"
EndProject
Global
	GlobalSection(SolutionConfigurationPlatforms) = preSolution
		Debug|Any CPU = Debug|Any CPU
		Release|Any CPU = Release|Any CPU
	EndGlobalSection
	GlobalSection(ProjectConfigurationPlatforms) = postSolution
		{9FF1ABF9-70A8-1E70-55F3-7B0219755037}.Debug|Any CPU.ActiveCfg = Debug|Any CPU
		{9FF1ABF9-70A8-1E70-55F3-7B0219755037}.Debug|Any CPU.Build.0 = Debug|Any CPU
		{9FF1ABF9-70A8-1E70-55F3-7B0219755037}.Release|Any CPU.ActiveCfg = Release|Any CPU
		{9FF1ABF9-70A8-1E70-55F3-7B0219755037}.Release|Any CPU.Build.0 = Release|Any CPU
		{A6F75179-78C5-8FFC-F66F-7DDCCB053C90}.Debug|Any CPU.ActiveCfg = Debug|Any CPU
		{A6F75179-78C5-8FFC-F66F-7DDCCB053C90}.Debug|Any CPU.Build.0 = Debug|Any CPU
		{A6F75179-78C5-8FFC-F66F-7DDCCB053C90}.Release|Any CPU.ActiveCfg = Release|Any CPU
		{A6F75179-78C5-8FFC-F66F-7DDCCB053C90}.Release|Any CPU.Build.0 = Release|Any CPU
	EndGlobalSection
	GlobalSection(SolutionProperties) = preSolution
		HideSolutionNode = FALSE
	EndGlobalSection
EndGlobal
